// !$*UTF8*$!
{
	archiveVersion = 1;
	classes = {
	};
	objectVersion = 56;
	objects = {

/* Begin PBXBuildFile section */
		A10000000000000000000001 /* Web2AppApp.swift in Sources */ = {isa = PBXBuildFile; fileRef = B10000000000000000000001 /* Web2AppApp.swift */; };
		A10000000000000000000002 /* WebApp.swift in Sources */ = {isa = PBXBuildFile; fileRef = B10000000000000000000002 /* WebApp.swift */; };
		A10000000000000000000003 /* WebAppStore.swift in Sources */ = {isa = PBXBuildFile; fileRef = B10000000000000000000003 /* WebAppStore.swift */; };
		A10000000000000000000004 /* ContentView.swift in Sources */ = {isa = PBXBuildFile; fileRef = B10000000000000000000004 /* ContentView.swift */; };
		A10000000000000000000005 /* SidebarView.swift in Sources */ = {isa = PBXBuildFile; fileRef = B10000000000000000000005 /* SidebarView.swift */; };
		A10000000000000000000006 /* WebAppRow.swift in Sources */ = {isa = PBXBuildFile; fileRef = B10000000000000000000006 /* WebAppRow.swift */; };
		A10000000000000000000007 /* DetailView.swift in Sources */ = {isa = PBXBuildFile; fileRef = B10000000000000000000007 /* DetailView.swift */; };
		A10000000000000000000008 /* CreateAppView.swift in Sources */ = {isa = PBXBuildFile; fileRef = B10000000000000000000008 /* CreateAppView.swift */; };
		A10000000000000000000060 /* EditAppView.swift in Sources */ = {isa = PBXBuildFile; fileRef = B10000000000000000000060 /* EditAppView.swift */; };
		A10000000000000000000009 /* EmptyStateView.swift in Sources */ = {isa = PBXBuildFile; fileRef = B10000000000000000000009 /* EmptyStateView.swift */; };
		A1000000000000000000000A /* SettingsView.swift in Sources */ = {isa = PBXBuildFile; fileRef = B1000000000000000000000A /* SettingsView.swift */; };
		A1000000000000000000000B /* WebPreviewView.swift in Sources */ = {isa = PBXBuildFile; fileRef = B1000000000000000000000B /* WebPreviewView.swift */; };
		A1000000000000000000000C /* AppCommands.swift in Sources */ = {isa = PBXBuildFile; fileRef = B1000000000000000000000C /* AppCommands.swift */; };
		A1000000000000000000000D /* AppGenerator.swift in Sources */ = {isa = PBXBuildFile; fileRef = B1000000000000000000000D /* AppGenerator.swift */; };
		A1000000000000000000000E /* FaviconFetcher.swift in Sources */ = {isa = PBXBuildFile; fileRef = B1000000000000000000000E /* FaviconFetcher.swift */; };
		A1000000000000000000000F /* IconGenerator.swift in Sources */ = {isa = PBXBuildFile; fileRef = B1000000000000000000000F /* IconGenerator.swift */; };
		A10000000000000000000010 /* BundleStructureBuilder.swift in Sources */ = {isa = PBXBuildFile; fileRef = B10000000000000000000010 /* BundleStructureBuilder.swift */; };
		A10000000000000000000011 /* PlistGenerator.swift in Sources */ = {isa = PBXBuildFile; fileRef = B10000000000000000000011 /* PlistGenerator.swift */; };
		A10000000000000000000012 /* CodeSigner.swift in Sources */ = {isa = PBXBuildFile; fileRef = B10000000000000000000012 /* CodeSigner.swift */; };
		A10000000000000000000013 /* URLValidator.swift in Sources */ = {isa = PBXBuildFile; fileRef = B10000000000000000000013 /* URLValidator.swift */; };
		A10000000000000000000014 /* NSImageExtensions.swift in Sources */ = {isa = PBXBuildFile; fileRef = B10000000000000000000014 /* NSImageExtensions.swift */; };
		A10000000000000000000070 /* GlassModifier.swift in Sources */ = {isa = PBXBuildFile; fileRef = B10000000000000000000070 /* GlassModifier.swift */; };
		A10000000000000000000015 /* Assets.xcassets in Resources */ = {isa = PBXBuildFile; fileRef = B10000000000000000000015 /* Assets.xcassets */; };
		A10000000000000000000016 /* WebKit.framework in Frameworks */ = {isa = PBXBuildFile; fileRef = B10000000000000000000020 /* WebKit.framework */; };
		A10000000000000000000017 /* WebAppLauncher in Copy Files */ = {isa = PBXBuildFile; fileRef = B10000000000000000000030 /* WebAppLauncher */; settings = {ATTRIBUTES = (CodeSignOnCopy, ); }; };
		A10000000000000000000030 /* main.swift in Sources */ = {isa = PBXBuildFile; fileRef = B10000000000000000000031 /* main.swift */; };
		A10000000000000000000031 /* LauncherConfig.swift in Sources */ = {isa = PBXBuildFile; fileRef = B10000000000000000000032 /* LauncherConfig.swift */; };
		A10000000000000000000032 /* WebAppWindowController.swift in Sources */ = {isa = PBXBuildFile; fileRef = B10000000000000000000033 /* WebAppWindowController.swift */; };
		A10000000000000000000033 /* LauncherMenus.swift in Sources */ = {isa = PBXBuildFile; fileRef = B10000000000000000000034 /* LauncherMenus.swift */; };
		A10000000000000000000034 /* WebKit.framework in Frameworks */ = {isa = PBXBuildFile; fileRef = B10000000000000000000020 /* WebKit.framework */; };
		A10000000000000000000035 /* Cocoa.framework in Frameworks */ = {isa = PBXBuildFile; fileRef = B10000000000000000000021 /* Cocoa.framework */; };
		A10000000000000000000050 /* URLValidatorTests.swift in Sources */ = {isa = PBXBuildFile; fileRef = B10000000000000000000050 /* URLValidatorTests.swift */; };
		A10000000000000000000051 /* WebAppModelTests.swift in Sources */ = {isa = PBXBuildFile; fileRef = B10000000000000000000051 /* WebAppModelTests.swift */; };
		A10000000000000000000052 /* PlistGeneratorTests.swift in Sources */ = {isa = PBXBuildFile; fileRef = B10000000000000000000052 /* PlistGeneratorTests.swift */; };
		A10000000000000000000053 /* BundleStructureBuilderTests.swift in Sources */ = {isa = PBXBuildFile; fileRef = B10000000000000000000053 /* BundleStructureBuilderTests.swift */; };
		A10000000000000000000054 /* AppGeneratorTests.swift in Sources */ = {isa = PBXBuildFile; fileRef = B10000000000000000000054 /* AppGeneratorTests.swift */; };
		A10000000000000000000080 /* WebAppFormView.swift in Sources */ = {isa = PBXBuildFile; fileRef = B10000000000000000000080 /* WebAppFormView.swift */; };
		A10000000000000000000055 /* WebAppStoreTests.swift in Sources */ = {isa = PBXBuildFile; fileRef = B10000000000000000000055 /* WebAppStoreTests.swift */; };
		A10000000000000000000056 /* BundleStructureSanitizationTests.swift in Sources */ = {isa = PBXBuildFile; fileRef = B10000000000000000000056 /* BundleStructureSanitizationTests.swift */; };
/* End PBXBuildFile section */

/* Begin PBXContainerItemProxy section */
		C10000000000000000000001 /* PBXContainerItemProxy */ = {
			isa = PBXContainerItemProxy;
			containerPortal = E10000000000000000000001 /* Project object */;
			proxyType = 1;
			remoteGlobalIDString = D10000000000000000000002;
			remoteInfo = WebAppLauncher;
		};
		C10000000000000000000002 /* PBXContainerItemProxy */ = {
			isa = PBXContainerItemProxy;
			containerPortal = E10000000000000000000001 /* Project object */;
			proxyType = 1;
			remoteGlobalIDString = D10000000000000000000001;
			remoteInfo = Web2App;
		};
/* End PBXContainerItemProxy section */

/* Begin PBXCopyFilesBuildPhase section */
		F10000000000000000000001 /* Copy Files */ = {
			isa = PBXCopyFilesBuildPhase;
			buildActionMask = 2147483647;
			dstPath = "";
			dstSubfolderSpec = 7;
			files = (
				A10000000000000000000017 /* WebAppLauncher in Copy Files */,
			);
			name = "Copy Files";
			runOnlyForDeploymentPostprocessing = 0;
		};
/* End PBXCopyFilesBuildPhase section */

/* Begin PBXFileReference section */
		B10000000000000000000001 /* Web2AppApp.swift */ = {isa = PBXFileReference; lastKnownFileType = sourcecode.swift; path = Web2AppApp.swift; sourceTree = "<group>"; };
		B10000000000000000000002 /* WebApp.swift */ = {isa = PBXFileReference; lastKnownFileType = sourcecode.swift; path = WebApp.swift; sourceTree = "<group>"; };
		B10000000000000000000003 /* WebAppStore.swift */ = {isa = PBXFileReference; lastKnownFileType = sourcecode.swift; path = WebAppStore.swift; sourceTree = "<group>"; };
		B10000000000000000000004 /* ContentView.swift */ = {isa = PBXFileReference; lastKnownFileType = sourcecode.swift; path = ContentView.swift; sourceTree = "<group>"; };
		B10000000000000000000005 /* SidebarView.swift */ = {isa = PBXFileReference; lastKnownFileType = sourcecode.swift; path = SidebarView.swift; sourceTree = "<group>"; };
		B10000000000000000000006 /* WebAppRow.swift */ = {isa = PBXFileReference; lastKnownFileType = sourcecode.swift; path = WebAppRow.swift; sourceTree = "<group>"; };
		B10000000000000000000007 /* DetailView.swift */ = {isa = PBXFileReference; lastKnownFileType = sourcecode.swift; path = DetailView.swift; sourceTree = "<group>"; };
		B10000000000000000000008 /* CreateAppView.swift */ = {isa = PBXFileReference; lastKnownFileType = sourcecode.swift; path = CreateAppView.swift; sourceTree = "<group>"; };
		B10000000000000000000060 /* EditAppView.swift */ = {isa = PBXFileReference; lastKnownFileType = sourcecode.swift; path = EditAppView.swift; sourceTree = "<group>"; };
		B10000000000000000000009 /* EmptyStateView.swift */ = {isa = PBXFileReference; lastKnownFileType = sourcecode.swift; path = EmptyStateView.swift; sourceTree = "<group>"; };
		B1000000000000000000000A /* SettingsView.swift */ = {isa = PBXFileReference; lastKnownFileType = sourcecode.swift; path = SettingsView.swift; sourceTree = "<group>"; };
		B1000000000000000000000B /* WebPreviewView.swift */ = {isa = PBXFileReference; lastKnownFileType = sourcecode.swift; path = WebPreviewView.swift; sourceTree = "<group>"; };
		B1000000000000000000000C /* AppCommands.swift */ = {isa = PBXFileReference; lastKnownFileType = sourcecode.swift; path = AppCommands.swift; sourceTree = "<group>"; };
		B1000000000000000000000D /* AppGenerator.swift */ = {isa = PBXFileReference; lastKnownFileType = sourcecode.swift; path = AppGenerator.swift; sourceTree = "<group>"; };
		B1000000000000000000000E /* FaviconFetcher.swift */ = {isa = PBXFileReference; lastKnownFileType = sourcecode.swift; path = FaviconFetcher.swift; sourceTree = "<group>"; };
		B1000000000000000000000F /* IconGenerator.swift */ = {isa = PBXFileReference; lastKnownFileType = sourcecode.swift; path = IconGenerator.swift; sourceTree = "<group>"; };
		B10000000000000000000010 /* BundleStructureBuilder.swift */ = {isa = PBXFileReference; lastKnownFileType = sourcecode.swift; path = BundleStructureBuilder.swift; sourceTree = "<group>"; };
		B10000000000000000000011 /* PlistGenerator.swift */ = {isa = PBXFileReference; lastKnownFileType = sourcecode.swift; path = PlistGenerator.swift; sourceTree = "<group>"; };
		B10000000000000000000012 /* CodeSigner.swift */ = {isa = PBXFileReference; lastKnownFileType = sourcecode.swift; path = CodeSigner.swift; sourceTree = "<group>"; };
		B10000000000000000000013 /* URLValidator.swift */ = {isa = PBXFileReference; lastKnownFileType = sourcecode.swift; path = URLValidator.swift; sourceTree = "<group>"; };
		B10000000000000000000014 /* NSImageExtensions.swift */ = {isa = PBXFileReference; lastKnownFileType = sourcecode.swift; path = NSImageExtensions.swift; sourceTree = "<group>"; };
		B10000000000000000000070 /* GlassModifier.swift */ = {isa = PBXFileReference; lastKnownFileType = sourcecode.swift; path = GlassModifier.swift; sourceTree = "<group>"; };
		B10000000000000000000015 /* Assets.xcassets */ = {isa = PBXFileReference; lastKnownFileType = folder.assetcatalog; path = Assets.xcassets; sourceTree = "<group>"; };
		B10000000000000000000016 /* Web2App.entitlements */ = {isa = PBXFileReference; lastKnownFileType = text.plist.entitlements; path = Web2App.entitlements; sourceTree = "<group>"; };
		B10000000000000000000020 /* WebKit.framework */ = {isa = PBXFileReference; lastKnownFileType = wrapper.framework; name = WebKit.framework; path = System/Library/Frameworks/WebKit.framework; sourceTree = SDKROOT; };
		B10000000000000000000021 /* Cocoa.framework */ = {isa = PBXFileReference; lastKnownFileType = wrapper.framework; name = Cocoa.framework; path = System/Library/Frameworks/Cocoa.framework; sourceTree = SDKROOT; };
		B10000000000000000000029 /* Web2App.app */ = {isa = PBXFileReference; explicitFileType = wrapper.application; includeInIndex = 0; path = Web2App.app; sourceTree = BUILT_PRODUCTS_DIR; };
		B10000000000000000000030 /* WebAppLauncher */ = {isa = PBXFileReference; explicitFileType = "compiled.mach-o.executable"; includeInIndex = 0; path = WebAppLauncher; sourceTree = BUILT_PRODUCTS_DIR; };
		B10000000000000000000031 /* main.swift */ = {isa = PBXFileReference; lastKnownFileType = sourcecode.swift; path = main.swift; sourceTree = "<group>"; };
		B10000000000000000000032 /* LauncherConfig.swift */ = {isa = PBXFileReference; lastKnownFileType = sourcecode.swift; path = LauncherConfig.swift; sourceTree = "<group>"; };
		B10000000000000000000033 /* WebAppWindowController.swift */ = {isa = PBXFileReference; lastKnownFileType = sourcecode.swift; path = WebAppWindowController.swift; sourceTree = "<group>"; };
		B10000000000000000000034 /* LauncherMenus.swift */ = {isa = PBXFileReference; lastKnownFileType = sourcecode.swift; path = LauncherMenus.swift; sourceTree = "<group>"; };
		B10000000000000000000040 /* Web2AppTests.xctest */ = {isa = PBXFileReference; explicitFileType = wrapper.cfbundle; includeInIndex = 0; path = Web2AppTests.xctest; sourceTree = BUILT_PRODUCTS_DIR; };
		B10000000000000000000050 /* URLValidatorTests.swift */ = {isa = PBXFileReference; lastKnownFileType = sourcecode.swift; path = URLValidatorTests.swift; sourceTree = "<group>"; };
		B10000000000000000000051 /* WebAppModelTests.swift */ = {isa = PBXFileReference; lastKnownFileType = sourcecode.swift; path = WebAppModelTests.swift; sourceTree = "<group>"; };
		B10000000000000000000052 /* PlistGeneratorTests.swift */ = {isa = PBXFileReference; lastKnownFileType = sourcecode.swift; path = PlistGeneratorTests.swift; sourceTree = "<group>"; };
		B10000000000000000000053 /* BundleStructureBuilderTests.swift */ = {isa = PBXFileReference; lastKnownFileType = sourcecode.swift; path = BundleStructureBuilderTests.swift; sourceTree = "<group>"; };
		B10000000000000000000054 /* AppGeneratorTests.swift */ = {isa = PBXFileReference; lastKnownFileType = sourcecode.swift; path = AppGeneratorTests.swift; sourceTree = "<group>"; };
		B10000000000000000000080 /* WebAppFormView.swift */ = {isa = PBXFileReference; lastKnownFileType = sourcecode.swift; path = WebAppFormView.swift; sourceTree = "<group>"; };
		B10000000000000000000055 /* WebAppStoreTests.swift */ = {isa = PBXFileReference; lastKnownFileType = sourcecode.swift; path = WebAppStoreTests.swift; sourceTree = "<group>"; };
		B10000000000000000000056 /* BundleStructureSanitizationTests.swift */ = {isa = PBXFileReference; lastKnownFileType = sourcecode.swift; path = BundleStructureSanitizationTests.swift; sourceTree = "<group>"; };
/* End PBXFileReference section */

/* Begin PBXFrameworksBuildPhase section */
		F20000000000000000000001 /* Frameworks */ = {
			isa = PBXFrameworksBuildPhase;
			buildActionMask = 2147483647;
			files = (
				A10000000000000000000016 /* WebKit.framework in Frameworks */,
			);
			runOnlyForDeploymentPostprocessing = 0;
		};
		F20000000000000000000002 /* Frameworks */ = {
			isa = PBXFrameworksBuildPhase;
			buildActionMask = 2147483647;
			files = (
				A10000000000000000000034 /* WebKit.framework in Frameworks */,
				A10000000000000000000035 /* Cocoa.framework in Frameworks */,
			);
			runOnlyForDeploymentPostprocessing = 0;
		};
		F20000000000000000000003 /* Frameworks */ = {
			isa = PBXFrameworksBuildPhase;
			buildActionMask = 2147483647;
			files = (
			);
			runOnlyForDeploymentPostprocessing = 0;
		};
/* End PBXFrameworksBuildPhase section */

/* Begin PBXGroup section */
		G10000000000000000000001 = {
			isa = PBXGroup;
			children = (
				G10000000000000000000002 /* Web2App */,
				G10000000000000000000010 /* WebAppLauncher */,
				G10000000000000000000011 /* Tests */,
				G10000000000000000000013 /* Frameworks */,
				G10000000000000000000014 /* Products */,
			);
			sourceTree = "<group>";
		};
		G10000000000000000000002 /* Web2App */ = {
			isa = PBXGroup;
			children = (
				B10000000000000000000001 /* Web2AppApp.swift */,
				G10000000000000000000003 /* Models */,
				G10000000000000000000004 /* Views */,
				G10000000000000000000006 /* Commands */,
				G10000000000000000000007 /* Services */,
				G10000000000000000000008 /* Utilities */,
				G10000000000000000000009 /* Resources */,
			);
			path = Web2App;
			sourceTree = "<group>";
		};
		G10000000000000000000003 /* Models */ = {
			isa = PBXGroup;
			children = (
				B10000000000000000000002 /* WebApp.swift */,
				B10000000000000000000003 /* WebAppStore.swift */,
			);
			path = Models;
			sourceTree = "<group>";
		};
		G10000000000000000000004 /* Views */ = {
			isa = PBXGroup;
			children = (
				B10000000000000000000004 /* ContentView.swift */,
				B10000000000000000000005 /* SidebarView.swift */,
				B10000000000000000000006 /* WebAppRow.swift */,
				B10000000000000000000007 /* DetailView.swift */,
				B10000000000000000000008 /* CreateAppView.swift */,
				B10000000000000000000060 /* EditAppView.swift */,
				B10000000000000000000009 /* EmptyStateView.swift */,
				B1000000000000000000000A /* SettingsView.swift */,
				G10000000000000000000005 /* Components */,
			);
			path = Views;
			sourceTree = "<group>";
		};
		G10000000000000000000005 /* Components */ = {
			isa = PBXGroup;
			children = (
				B1000000000000000000000B /* WebPreviewView.swift */,
				B10000000000000000000080 /* WebAppFormView.swift */,
			);
			path = Components;
			sourceTree = "<group>";
		};
		G10000000000000000000006 /* Commands */ = {
			isa = PBXGroup;
			children = (
				B1000000000000000000000C /* AppCommands.swift */,
			);
			path = Commands;
			sourceTree = "<group>";
		};
		G10000000000000000000007 /* Services */ = {
			isa = PBXGroup;
			children = (
				B1000000000000000000000D /* AppGenerator.swift */,
				B1000000000000000000000E /* FaviconFetcher.swift */,
				B1000000000000000000000F /* IconGenerator.swift */,
				B10000000000000000000010 /* BundleStructureBuilder.swift */,
				B10000000000000000000011 /* PlistGenerator.swift */,
				B10000000000000000000012 /* CodeSigner.swift */,
			);
			path = Services;
			sourceTree = "<group>";
		};
		G10000000000000000000008 /* Utilities */ = {
			isa = PBXGroup;
			children = (
				B10000000000000000000013 /* URLValidator.swift */,
				B10000000000000000000014 /* NSImageExtensions.swift */,
				B10000000000000000000070 /* GlassModifier.swift */,
			);
			path = Utilities;
			sourceTree = "<group>";
		};
		G10000000000000000000009 /* Resources */ = {
			isa = PBXGroup;
			children = (
				B10000000000000000000015 /* Assets.xcassets */,
				B10000000000000000000016 /* Web2App.entitlements */,
			);
			path = Resources;
			sourceTree = "<group>";
		};
		G10000000000000000000010 /* WebAppLauncher */ = {
			isa = PBXGroup;
			children = (
				B10000000000000000000031 /* main.swift */,
				B10000000000000000000032 /* LauncherConfig.swift */,
				B10000000000000000000033 /* WebAppWindowController.swift */,
				B10000000000000000000034 /* LauncherMenus.swift */,
			);
			path = WebAppLauncher;
			sourceTree = "<group>";
		};
		G10000000000000000000011 /* Tests */ = {
			isa = PBXGroup;
			children = (
				G10000000000000000000012 /* Web2AppTests */,
			);
			path = Tests;
			sourceTree = "<group>";
		};
		G10000000000000000000012 /* Web2AppTests */ = {
			isa = PBXGroup;
			children = (
				B10000000000000000000050 /* URLValidatorTests.swift */,
				B10000000000000000000051 /* WebAppModelTests.swift */,
				B10000000000000000000052 /* PlistGeneratorTests.swift */,
				B10000000000000000000053 /* BundleStructureBuilderTests.swift */,
				B10000000000000000000054 /* AppGeneratorTests.swift */,
				B10000000000000000000055 /* WebAppStoreTests.swift */,
				B10000000000000000000056 /* BundleStructureSanitizationTests.swift */,
			);
			path = Web2AppTests;
			sourceTree = "<group>";
		};
		G10000000000000000000013 /* Frameworks */ = {
			isa = PBXGroup;
			children = (
				B10000000000000000000020 /* WebKit.framework */,
				B10000000000000000000021 /* Cocoa.framework */,
			);
			name = Frameworks;
			sourceTree = "<group>";
		};
		G10000000000000000000014 /* Products */ = {
			isa = PBXGroup;
			children = (
				B10000000000000000000029 /* Web2App.app */,
				B10000000000000000000030 /* WebAppLauncher */,
				B10000000000000000000040 /* Web2AppTests.xctest */,
			);
			name = Products;
			sourceTree = "<group>";
		};
/* End PBXGroup section */

/* Begin PBXNativeTarget section */
		D10000000000000000000001 /* Web2App */ = {
			isa = PBXNativeTarget;
			buildConfigurationList = CC0000000000000000000001 /* Build configuration list for PBXNativeTarget "Web2App" */;
			buildPhases = (
				F30000000000000000000001 /* Sources */,
				F20000000000000000000001 /* Frameworks */,
				F40000000000000000000001 /* Resources */,
				F10000000000000000000001 /* Copy Files */,
			);
			buildRules = (
			);
			dependencies = (
				DD0000000000000000000001 /* PBXTargetDependency */,
			);
			name = Web2App;
			productName = Web2App;
			productReference = B10000000000000000000029 /* Web2App.app */;
			productType = "com.apple.product-type.application";
		};
		D10000000000000000000002 /* WebAppLauncher */ = {
			isa = PBXNativeTarget;
			buildConfigurationList = CC0000000000000000000002 /* Build configuration list for PBXNativeTarget "WebAppLauncher" */;
			buildPhases = (
				F30000000000000000000002 /* Sources */,
				F20000000000000000000002 /* Frameworks */,
			);
			buildRules = (
			);
			dependencies = (
			);
			name = WebAppLauncher;
			productName = WebAppLauncher;
			productReference = B10000000000000000000030 /* WebAppLauncher */;
			productType = "com.apple.product-type.tool";
		};
		D10000000000000000000003 /* Web2AppTests */ = {
			isa = PBXNativeTarget;
			buildConfigurationList = CC0000000000000000000003 /* Build configuration list for PBXNativeTarget "Web2AppTests" */;
			buildPhases = (
				F30000000000000000000003 /* Sources */,
				F20000000000000000000003 /* Frameworks */,
			);
			buildRules = (
			);
			dependencies = (
				DD0000000000000000000002 /* PBXTargetDependency */,
			);
			name = Web2AppTests;
			productName = Web2AppTests;
			productReference = B10000000000000000000040 /* Web2AppTests.xctest */;
			productType = "com.apple.product-type.bundle.unit-test";
		};
/* End PBXNativeTarget section */

/* Begin PBXProject section */
		E10000000000000000000001 /* Project object */ = {
			isa = PBXProject;
			attributes = {
				BuildIndependentTargetsInParallel = 1;
				LastSwiftUpdateCheck = 1600;
				LastUpgradeCheck = 1600;
				TargetAttributes = {
					D10000000000000000000001 = {
						CreatedOnToolsVersion = 16.0;
					};
					D10000000000000000000002 = {
						CreatedOnToolsVersion = 16.0;
					};
					D10000000000000000000003 = {
						CreatedOnToolsVersion = 16.0;
						TestTargetID = D10000000000000000000001;
					};
				};
			};
			buildConfigurationList = CC0000000000000000000004 /* Build configuration list for PBXProject "Web2App" */;
			compatibilityVersion = "Xcode 14.0";
			developmentRegion = en;
			hasScannedForEncodings = 0;
			knownRegions = (
				en,
				Base,
			);
			mainGroup = G10000000000000000000001;
			productRefGroup = G10000000000000000000014 /* Products */;
			projectDirPath = "";
			projectRoot = "";
			targets = (
				D10000000000000000000001 /* Web2App */,
				D10000000000000000000002 /* WebAppLauncher */,
				D10000000000000000000003 /* Web2AppTests */,
			);
		};
/* End PBXProject section */

/* Begin PBXResourcesBuildPhase section */
		F40000000000000000000001 /* Resources */ = {
			isa = PBXResourcesBuildPhase;
			buildActionMask = 2147483647;
			files = (
				A10000000000000000000015 /* Assets.xcassets in Resources */,
			);
			runOnlyForDeploymentPostprocessing = 0;
		};
/* End PBXResourcesBuildPhase section */

/* Begin PBXSourcesBuildPhase section */
		F30000000000000000000001 /* Sources */ = {
			isa = PBXSourcesBuildPhase;
			buildActionMask = 2147483647;
			files = (
				A10000000000000000000001 /* Web2AppApp.swift in Sources */,
				A10000000000000000000002 /* WebApp.swift in Sources */,
				A10000000000000000000003 /* WebAppStore.swift in Sources */,
				A10000000000000000000004 /* ContentView.swift in Sources */,
				A10000000000000000000005 /* SidebarView.swift in Sources */,
				A10000000000000000000006 /* WebAppRow.swift in Sources */,
				A10000000000000000000007 /* DetailView.swift in Sources */,
				A10000000000000000000008 /* CreateAppView.swift in Sources */,
				A10000000000000000000060 /* EditAppView.swift in Sources */,
				A10000000000000000000009 /* EmptyStateView.swift in Sources */,
				A1000000000000000000000A /* SettingsView.swift in Sources */,
				A1000000000000000000000B /* WebPreviewView.swift in Sources */,
				A1000000000000000000000C /* AppCommands.swift in Sources */,
				A1000000000000000000000D /* AppGenerator.swift in Sources */,
				A1000000000000000000000E /* FaviconFetcher.swift in Sources */,
				A1000000000000000000000F /* IconGenerator.swift in Sources */,
				A10000000000000000000010 /* BundleStructureBuilder.swift in Sources */,
				A10000000000000000000011 /* PlistGenerator.swift in Sources */,
				A10000000000000000000012 /* CodeSigner.swift in Sources */,
				A10000000000000000000013 /* URLValidator.swift in Sources */,
				A10000000000000000000014 /* NSImageExtensions.swift in Sources */,
				A10000000000000000000070 /* GlassModifier.swift in Sources */,
				A10000000000000000000080 /* WebAppFormView.swift in Sources */,
			);
			runOnlyForDeploymentPostprocessing = 0;
		};
		F30000000000000000000002 /* Sources */ = {
			isa = PBXSourcesBuildPhase;
			buildActionMask = 2147483647;
			files = (
				A10000000000000000000030 /* main.swift in Sources */,
				A10000000000000000000031 /* LauncherConfig.swift in Sources */,
				A10000000000000000000032 /* WebAppWindowController.swift in Sources */,
				A10000000000000000000033 /* LauncherMenus.swift in Sources */,
			);
			runOnlyForDeploymentPostprocessing = 0;
		};
		F30000000000000000000003 /* Sources */ = {
			isa = PBXSourcesBuildPhase;
			buildActionMask = 2147483647;
			files = (
				A10000000000000000000050 /* URLValidatorTests.swift in Sources */,
				A10000000000000000000051 /* WebAppModelTests.swift in Sources */,
				A10000000000000000000052 /* PlistGeneratorTests.swift in Sources */,
				A10000000000000000000053 /* BundleStructureBuilderTests.swift in Sources */,
				A10000000000000000000054 /* AppGeneratorTests.swift in Sources */,
				A10000000000000000000055 /* WebAppStoreTests.swift in Sources */,
				A10000000000000000000056 /* BundleStructureSanitizationTests.swift in Sources */,
			);
			runOnlyForDeploymentPostprocessing = 0;
		};
/* End PBXSourcesBuildPhase section */

/* Begin PBXTargetDependency section */
		DD0000000000000000000001 /* PBXTargetDependency */ = {
			isa = PBXTargetDependency;
			target = D10000000000000000000002 /* WebAppLauncher */;
			targetProxy = C10000000000000000000001 /* PBXContainerItemProxy */;
		};
		DD0000000000000000000002 /* PBXTargetDependency */ = {
			isa = PBXTargetDependency;
			target = D10000000000000000000001 /* Web2App */;
			targetProxy = C10000000000000000000002 /* PBXContainerItemProxy */;
		};
/* End PBXTargetDependency section */

/* Begin XCBuildConfiguration section */
		AA0000000000000000000001 /* Debug */ = {
			isa = XCBuildConfiguration;
			buildSettings = {
				ALWAYS_SEARCH_USER_PATHS = NO;
				ASSETCATALOG_COMPILER_GENERATE_SWIFT_ASSET_SYMBOL_EXTENSIONS = YES;
				CLANG_ANALYZER_NONNULL = YES;
				CLANG_ANALYZER_NUMBER_OBJECT_CONVERSION = YES_AGGRESSIVE;
				CLANG_CXX_LANGUAGE_STANDARD = "gnu++20";
				CLANG_ENABLE_MODULES = YES;
				CLANG_ENABLE_OBJC_ARC = YES;
				CLANG_ENABLE_OBJC_WEAK = YES;
				CLANG_WARN_BLOCK_CAPTURE_AUTORELEASING = YES;
				CLANG_WARN_BOOL_CONVERSION = YES;
				CLANG_WARN_COMMA = YES;
				CLANG_WARN_CONSTANT_CONVERSION = YES;
				CLANG_WARN_DEPRECATED_OBJC_IMPLEMENTATIONS = YES;
				CLANG_WARN_DIRECT_OBJC_ISA_USAGE = YES_ERROR;
				CLANG_WARN_DOCUMENTATION_COMMENTS = YES;
				CLANG_WARN_EMPTY_BODY = YES;
				CLANG_WARN_ENUM_CONVERSION = YES;
				CLANG_WARN_INFINITE_RECURSION = YES;
				CLANG_WARN_INT_CONVERSION = YES;
				CLANG_WARN_NON_LITERAL_NULL_CONVERSION = YES;
				CLANG_WARN_OBJC_IMPLICIT_RETAIN_SELF = YES;
				CLANG_WARN_OBJC_LITERAL_CONVERSION = YES;
				CLANG_WARN_OBJC_ROOT_CLASS = YES_ERROR;
				CLANG_WARN_QUOTED_INCLUDE_IN_FRAMEWORK_HEADER = YES;
				CLANG_WARN_RANGE_LOOP_ANALYSIS = YES;
				CLANG_WARN_STRICT_PROTOTYPES = YES;
				CLANG_WARN_SUSPICIOUS_MOVE = YES;
				CLANG_WARN_UNGUARDED_AVAILABILITY = YES_AGGRESSIVE;
				CLANG_WARN_UNREACHABLE_CODE = YES;
				CLANG_WARN__DUPLICATE_METHOD_MATCH = YES;
				CODE_SIGN_STYLE = Automatic;
				COPY_PHASE_STRIP = NO;
				DEBUG_INFORMATION_FORMAT = dwarf;
				DEVELOPMENT_TEAM = "";
				ENABLE_STRICT_OBJC_MSGSEND = YES;
				ENABLE_TESTABILITY = YES;
				ENABLE_USER_SCRIPT_SANDBOXING = YES;
				GCC_C_LANGUAGE_STANDARD = gnu17;
				GCC_DYNAMIC_NO_PIC = NO;
				GCC_NO_COMMON_BLOCKS = YES;
				GCC_OPTIMIZATION_LEVEL = 0;
				GCC_PREPROCESSOR_DEFINITIONS = (
					"DEBUG=1",
					"$(inherited)",
				);
				GCC_WARN_64_TO_32_BIT_CONVERSION = YES;
				GCC_WARN_ABOUT_RETURN_TYPE = YES_ERROR;
				GCC_WARN_UNDECLARED_SELECTOR = YES;
				GCC_WARN_UNINITIALIZED_AUTOS = YES_AGGRESSIVE;
				GCC_WARN_UNUSED_FUNCTION = YES;
				GCC_WARN_UNUSED_VARIABLE = YES;
				MACOSX_DEPLOYMENT_TARGET = 15.0;
				MTL_ENABLE_DEBUG_INFO = INCLUDE_SOURCE;
				MTL_FAST_MATH = YES;
				ONLY_ACTIVE_ARCH = YES;
				SDKROOT = macosx;
				SWIFT_ACTIVE_COMPILATION_CONDITIONS = "$(inherited) DEBUG";
				SWIFT_EMIT_LOC_STRINGS = YES;
				SWIFT_OPTIMIZATION_LEVEL = "-Onone";
				SWIFT_STRICT_CONCURRENCY = complete;
				SWIFT_VERSION = 6.0;
			};
			name = Debug;
		};
		AA0000000000000000000002 /* Release */ = {
			isa = XCBuildConfiguration;
			buildSettings = {
				ALWAYS_SEARCH_USER_PATHS = NO;
				ASSETCATALOG_COMPILER_GENERATE_SWIFT_ASSET_SYMBOL_EXTENSIONS = YES;
				CLANG_ANALYZER_NONNULL = YES;
				CLANG_ANALYZER_NUMBER_OBJECT_CONVERSION = YES_AGGRESSIVE;
				CLANG_CXX_LANGUAGE_STANDARD = "gnu++20";
				CLANG_ENABLE_MODULES = YES;
				CLANG_ENABLE_OBJC_ARC = YES;
				CLANG_ENABLE_OBJC_WEAK = YES;
				CLANG_WARN_BLOCK_CAPTURE_AUTORELEASING = YES;
				CLANG_WARN_BOOL_CONVERSION = YES;
				CLANG_WARN_COMMA = YES;
				CLANG_WARN_CONSTANT_CONVERSION = YES;
				CLANG_WARN_DEPRECATED_OBJC_IMPLEMENTATIONS = YES;
				CLANG_WARN_DIRECT_OBJC_ISA_USAGE = YES_ERROR;
				CLANG_WARN_DOCUMENTATION_COMMENTS = YES;
				CLANG_WARN_EMPTY_BODY = YES;
				CLANG_WARN_ENUM_CONVERSION = YES;
				CLANG_WARN_INFINITE_RECURSION = YES;
				CLANG_WARN_INT_CONVERSION = YES;
				CLANG_WARN_NON_LITERAL_NULL_CONVERSION = YES;
				CLANG_WARN_OBJC_IMPLICIT_RETAIN_SELF = YES;
				CLANG_WARN_OBJC_LITERAL_CONVERSION = YES;
				CLANG_WARN_OBJC_ROOT_CLASS = YES_ERROR;
				CLANG_WARN_QUOTED_INCLUDE_IN_FRAMEWORK_HEADER = YES;
				CLANG_WARN_RANGE_LOOP_ANALYSIS = YES;
				CLANG_WARN_STRICT_PROTOTYPES = YES;
				CLANG_WARN_SUSPICIOUS_MOVE = YES;
				CLANG_WARN_UNGUARDED_AVAILABILITY = YES_AGGRESSIVE;
				CLANG_WARN_UNREACHABLE_CODE = YES;
				CLANG_WARN__DUPLICATE_METHOD_MATCH = YES;
				CODE_SIGN_STYLE = Automatic;
				COPY_PHASE_STRIP = NO;
				DEBUG_INFORMATION_FORMAT = "dwarf-with-dsym";
				DEVELOPMENT_TEAM = "";
				ENABLE_NS_ASSERTIONS = NO;
				ENABLE_STRICT_OBJC_MSGSEND = YES;
				ENABLE_USER_SCRIPT_SANDBOXING = YES;
				GCC_C_LANGUAGE_STANDARD = gnu17;
				GCC_NO_COMMON_BLOCKS = YES;
				GCC_WARN_64_TO_32_BIT_CONVERSION = YES;
				GCC_WARN_ABOUT_RETURN_TYPE = YES_ERROR;
				GCC_WARN_UNDECLARED_SELECTOR = YES;
				GCC_WARN_UNINITIALIZED_AUTOS = YES_AGGRESSIVE;
				GCC_WARN_UNUSED_FUNCTION = YES;
				GCC_WARN_UNUSED_VARIABLE = YES;
				MACOSX_DEPLOYMENT_TARGET = 15.0;
				MTL_ENABLE_DEBUG_INFO = NO;
				MTL_FAST_MATH = YES;
				SDKROOT = macosx;
				SWIFT_COMPILATION_MODE = wholemodule;
				SWIFT_EMIT_LOC_STRINGS = YES;
				SWIFT_STRICT_CONCURRENCY = complete;
				SWIFT_VERSION = 6.0;
			};
			name = Release;
		};
		AB0000000000000000000001 /* Debug */ = {
			isa = XCBuildConfiguration;
			buildSettings = {
				ASSETCATALOG_COMPILER_APPICON_NAME = AppIcon;
				ASSETCATALOG_COMPILER_GLOBAL_ACCENT_COLOR_NAME = AccentColor;
				CODE_SIGN_ENTITLEMENTS = Web2App/Resources/Web2App.entitlements;
				CODE_SIGN_STYLE = Automatic;
				COMBINE_HIDPI_IMAGES = YES;
				CURRENT_PROJECT_VERSION = 1;
				DEVELOPMENT_TEAM = "";
				ENABLE_HARDENED_RUNTIME = YES;
				GENERATE_INFOPLIST_FILE = YES;
				INFOPLIST_KEY_NSMainNibFile = "";
				INFOPLIST_KEY_NSPrincipalClass = NSApplication;
				MARKETING_VERSION = 1.0;
				PRODUCT_BUNDLE_IDENTIFIER = com.web2app.Web2App;
				PRODUCT_NAME = "$(TARGET_NAME)";
				SWIFT_EMIT_LOC_STRINGS = YES;
				SWIFT_VERSION = 6.0;
			};
			name = Debug;
		};
		AB0000000000000000000002 /* Release */ = {
			isa = XCBuildConfiguration;
			buildSettings = {
				ASSETCATALOG_COMPILER_APPICON_NAME = AppIcon;
				ASSETCATALOG_COMPILER_GLOBAL_ACCENT_COLOR_NAME = AccentColor;
				CODE_SIGN_ENTITLEMENTS = Web2App/Resources/Web2App.entitlements;
				CODE_SIGN_STYLE = Automatic;
				COMBINE_HIDPI_IMAGES = YES;
				CURRENT_PROJECT_VERSION = 1;
				DEVELOPMENT_TEAM = "";
				ENABLE_HARDENED_RUNTIME = YES;
				GENERATE_INFOPLIST_FILE = YES;
				INFOPLIST_KEY_NSMainNibFile = "";
				INFOPLIST_KEY_NSPrincipalClass = NSApplication;
				MARKETING_VERSION = 1.0;
				PRODUCT_BUNDLE_IDENTIFIER = com.web2app.Web2App;
				PRODUCT_NAME = "$(TARGET_NAME)";
				SWIFT_EMIT_LOC_STRINGS = YES;
				SWIFT_VERSION = 6.0;
			};
			name = Release;
		};
		AC0000000000000000000001 /* Debug */ = {
			isa = XCBuildConfiguration;
			buildSettings = {
				CODE_SIGN_STYLE = Automatic;
				DEVELOPMENT_TEAM = "";
				ENABLE_HARDENED_RUNTIME = NO;
				MACOSX_DEPLOYMENT_TARGET = 15.0;
				PRODUCT_BUNDLE_IDENTIFIER = com.web2app.WebAppLauncher;
				PRODUCT_NAME = "$(TARGET_NAME)";
				SWIFT_VERSION = 6.0;
			};
			name = Debug;
		};
		AC0000000000000000000002 /* Release */ = {
			isa = XCBuildConfiguration;
			buildSettings = {
				CODE_SIGN_STYLE = Automatic;
				DEVELOPMENT_TEAM = "";
				ENABLE_HARDENED_RUNTIME = NO;
				MACOSX_DEPLOYMENT_TARGET = 15.0;
				PRODUCT_BUNDLE_IDENTIFIER = com.web2app.WebAppLauncher;
				PRODUCT_NAME = "$(TARGET_NAME)";
				SWIFT_VERSION = 6.0;
			};
			name = Release;
		};
		AD0000000000000000000001 /* Debug */ = {
			isa = XCBuildConfiguration;
			buildSettings = {
				BUNDLE_LOADER = "$(TEST_HOST)";
				CODE_SIGN_STYLE = Automatic;
				CURRENT_PROJECT_VERSION = 1;
				DEVELOPMENT_TEAM = "";
				GENERATE_INFOPLIST_FILE = YES;
				MACOSX_DEPLOYMENT_TARGET = 15.0;
				MARKETING_VERSION = 1.0;
				PRODUCT_BUNDLE_IDENTIFIER = com.web2app.Web2AppTests;
				PRODUCT_NAME = "$(TARGET_NAME)";
				SWIFT_EMIT_LOC_STRINGS = NO;
				SWIFT_VERSION = 6.0;
				TEST_HOST = "$(BUILT_PRODUCTS_DIR)/Web2App.app/Contents/MacOS/Web2App";
			};
			name = Debug;
		};
		AD0000000000000000000002 /* Release */ = {
			isa = XCBuildConfiguration;
			buildSettings = {
				BUNDLE_LOADER = "$(TEST_HOST)";
				CODE_SIGN_STYLE = Automatic;
				CURRENT_PROJECT_VERSION = 1;
				DEVELOPMENT_TEAM = "";
				GENERATE_INFOPLIST_FILE = YES;
				MACOSX_DEPLOYMENT_TARGET = 15.0;
				MARKETING_VERSION = 1.0;
				PRODUCT_BUNDLE_IDENTIFIER = com.web2app.Web2AppTests;
				PRODUCT_NAME = "$(TARGET_NAME)";
				SWIFT_EMIT_LOC_STRINGS = NO;
				SWIFT_VERSION = 6.0;
				TEST_HOST = "$(BUILT_PRODUCTS_DIR)/Web2App.app/Contents/MacOS/Web2App";
			};
			name = Release;
		};
/* End XCBuildConfiguration section */

/* Begin XCConfigurationList section */
		CC0000000000000000000001 /* Build configuration list for PBXNativeTarget "Web2App" */ = {
			isa = XCConfigurationList;
			buildConfigurations = (
				AB0000000000000000000001 /* Debug */,
				AB0000000000000000000002 /* Release */,
			);
			defaultConfigurationIsVisible = 0;
			defaultConfigurationName = Release;
		};
		CC0000000000000000000002 /* Build configuration list for PBXNativeTarget "WebAppLauncher" */ = {
			isa = XCConfigurationList;
			buildConfigurations = (
				AC0000000000000000000001 /* Debug */,
				AC0000000000000000000002 /* Release */,
			);
			defaultConfigurationIsVisible = 0;
			defaultConfigurationName = Release;
		};
		CC0000000000000000000003 /* Build configuration list for PBXNativeTarget "Web2AppTests" */ = {
			isa = XCConfigurationList;
			buildConfigurations = (
				AD0000000000000000000001 /* Debug */,
				AD0000000000000000000002 /* Release */,
			);
			defaultConfigurationIsVisible = 0;
			defaultConfigurationName = Release;
		};
		CC0000000000000000000004 /* Build configuration list for PBXProject "Web2App" */ = {
			isa = XCConfigurationList;
			buildConfigurations = (
				AA0000000000000000000001 /* Debug */,
				AA0000000000000000000002 /* Release */,
			);
			defaultConfigurationIsVisible = 0;
			defaultConfigurationName = Release;
		};
/* End XCConfigurationList section */
	};
	rootObject = E10000000000000000000001 /* Project object */;
}
